
Microsoft Visual Studio Solution File, Format Version 12.00
Project("{2150E333-8FDC-42A3-9474-1A3956D46DE8}") = "Server", "Server", "{72FE54AA-7D3F-497A-A08E-915479F69196}"
EndProject
Project("{FAE04EC0-301F-11D3-BF4B-00C04F79EFBC}") = "Entities", "Entities\Entities.csproj", "{08641C5F-BAA9-4C67-9CDF-2E5DA6CE351F}"
EndProject
Project("{FAE04EC0-301F-11D3-BF4B-00C04F79EFBC}") = "RepositoryContracts", "RepositoryContracts\RepositoryContracts.csproj", "{937866A1-D95D-411E-891D-A2651961DCC9}"
EndProject
Project("{FAE04EC0-301F-11D3-BF4B-00C04F79EFBC}") = "InMemoryRepositories", "InMemoryRepositories\InMemoryRepositories.csproj", "{FB6500F7-36A8-4A92-9D7B-714CC4C6E206}"
EndProject
Project("{FAE04EC0-301F-11D3-BF4B-00C04F79EFBC}") = "CLI", "CLI\CLI.csproj", "{A1EE1CE7-A80C-4288-99FF-D5C9467D0DA7}"
EndProject
Project("{FAE04EC0-301F-11D3-BF4B-00C04F79EFBC}") = "FileRepositories", "FileRepositories\FileRepositories.csproj", "{3FE78233-8810-436C-8DBB-6FBDD77773CC}"
EndProject
Project("{2150E333-8FDC-42A3-9474-1A3956D46DE8}") = "Shared", "Shared", "{22D65221-7C2A-4599-A7A8-283F890F90A9}"
EndProject
Project("{FAE04EC0-301F-11D3-BF4B-00C04F79EFBC}") = "ApiContracts", "ApiContracts\ApiContracts.csproj", "{19FED445-7B08-45DB-A497-64604AA26A4E}"
EndProject
Project("{FAE04EC0-301F-11D3-BF4B-00C04F79EFBC}") = "WebAPI", "Server\WebAPI\WebAPI.csproj", "{CACE1F86-6E38-448F-AED5-3B301A5A80E5}"
EndProject
Project("{2150E333-8FDC-42A3-9474-1A3956D46DE8}") = "Client1", "Client1", "{B13FB7D4-DE1E-452C-BFE2-ED24F3F00594}"
EndProject
Project("{FAE04EC0-301F-11D3-BF4B-00C04F79EFBC}") = "BlazorApp", "BlazorApp\BlazorApp.csproj", "{53A59C22-CA3F-4D4F-94A0-4278D2E7D3E3}"
EndProject
Global
	GlobalSection(SolutionConfigurationPlatforms) = preSolution
		Debug|Any CPU = Debug|Any CPU
		Release|Any CPU = Release|Any CPU
	EndGlobalSection
	GlobalSection(NestedProjects) = preSolution
		{08641C5F-BAA9-4C67-9CDF-2E5DA6CE351F} = {72FE54AA-7D3F-497A-A08E-915479F69196}
		{937866A1-D95D-411E-891D-A2651961DCC9} = {72FE54AA-7D3F-497A-A08E-915479F69196}
		{FB6500F7-36A8-4A92-9D7B-714CC4C6E206} = {72FE54AA-7D3F-497A-A08E-915479F69196}
		{A1EE1CE7-A80C-4288-99FF-D5C9467D0DA7} = {72FE54AA-7D3F-497A-A08E-915479F69196}
		{3FE78233-8810-436C-8DBB-6FBDD77773CC} = {72FE54AA-7D3F-497A-A08E-915479F69196}
		{19FED445-7B08-45DB-A497-64604AA26A4E} = {22D65221-7C2A-4599-A7A8-283F890F90A9}
		{CACE1F86-6E38-448F-AED5-3B301A5A80E5} = {72FE54AA-7D3F-497A-A08E-915479F69196}
		{53A59C22-CA3F-4D4F-94A0-4278D2E7D3E3} = {B13FB7D4-DE1E-452C-BFE2-ED24F3F00594}
	EndGlobalSection
	GlobalSection(ProjectConfigurationPlatforms) = postSolution
		{08641C5F-BAA9-4C67-9CDF-2E5DA6CE351F}.Debug|Any CPU.ActiveCfg = Debug|Any CPU
		{08641C5F-BAA9-4C67-9CDF-2E5DA6CE351F}.Debug|Any CPU.Build.0 = Debug|Any CPU
		{08641C5F-BAA9-4C67-9CDF-2E5DA6CE351F}.Release|Any CPU.ActiveCfg = Release|Any CPU
		{08641C5F-BAA9-4C67-9CDF-2E5DA6CE351F}.Release|Any CPU.Build.0 = Release|Any CPU
		{937866A1-D95D-411E-891D-A2651961DCC9}.Debug|Any CPU.ActiveCfg = Debug|Any CPU
		{937866A1-D95D-411E-891D-A2651961DCC9}.Debug|Any CPU.Build.0 = Debug|Any CPU
		{937866A1-D95D-411E-891D-A2651961DCC9}.Release|Any CPU.ActiveCfg = Release|Any CPU
		{937866A1-D95D-411E-891D-A2651961DCC9}.Release|Any CPU.Build.0 = Release|Any CPU
		{FB6500F7-36A8-4A92-9D7B-714CC4C6E206}.Debug|Any CPU.ActiveCfg = Debug|Any CPU
		{FB6500F7-36A8-4A92-9D7B-714CC4C6E206}.Debug|Any CPU.Build.0 = Debug|Any CPU
		{FB6500F7-36A8-4A92-9D7B-714CC4C6E206}.Release|Any CPU.ActiveCfg = Release|Any CPU
		{FB6500F7-36A8-4A92-9D7B-714CC4C6E206}.Release|Any CPU.Build.0 = Release|Any CPU
		{A1EE1CE7-A80C-4288-99FF-D5C9467D0DA7}.Debug|Any CPU.ActiveCfg = Debug|Any CPU
		{A1EE1CE7-A80C-4288-99FF-D5C9467D0DA7}.Debug|Any CPU.Build.0 = Debug|Any CPU
		{A1EE1CE7-A80C-4288-99FF-D5C9467D0DA7}.Release|Any CPU.ActiveCfg = Release|Any CPU
		{A1EE1CE7-A80C-4288-99FF-D5C9467D0DA7}.Release|Any CPU.Build.0 = Release|Any CPU
		{3FE78233-8810-436C-8DBB-6FBDD77773CC}.Debug|Any CPU.ActiveCfg = Debug|Any CPU
		{3FE78233-8810-436C-8DBB-6FBDD77773CC}.Debug|Any CPU.Build.0 = Debug|Any CPU
		{3FE78233-8810-436C-8DBB-6FBDD77773CC}.Release|Any CPU.ActiveCfg = Release|Any CPU
		{3FE78233-8810-436C-8DBB-6FBDD77773CC}.Release|Any CPU.Build.0 = Release|Any CPU
		{19FED445-7B08-45DB-A497-64604AA26A4E}.Debug|Any CPU.ActiveCfg = Debug|Any CPU
		{19FED445-7B08-45DB-A497-64604AA26A4E}.Debug|Any CPU.Build.0 = Debug|Any CPU
		{19FED445-7B08-45DB-A497-64604AA26A4E}.Release|Any CPU.ActiveCfg = Release|Any CPU
		{19FED445-7B08-45DB-A497-64604AA26A4E}.Release|Any CPU.Build.0 = Release|Any CPU
		{CACE1F86-6E38-448F-AED5-3B301A5A80E5}.Debug|Any CPU.ActiveCfg = Debug|Any CPU
		{CACE1F86-6E38-448F-AED5-3B301A5A80E5}.Debug|Any CPU.Build.0 = Debug|Any CPU
		{CACE1F86-6E38-448F-AED5-3B301A5A80E5}.Release|Any CPU.ActiveCfg = Release|Any CPU
		{CACE1F86-6E38-448F-AED5-3B301A5A80E5}.Release|Any CPU.Build.0 = Release|Any CPU
		{53A59C22-CA3F-4D4F-94A0-4278D2E7D3E3}.Debug|Any CPU.ActiveCfg = Debug|Any CPU
		{53A59C22-CA3F-4D4F-94A0-4278D2E7D3E3}.Debug|Any CPU.Build.0 = Debug|Any CPU
		{53A59C22-CA3F-4D4F-94A0-4278D2E7D3E3}.Release|Any CPU.ActiveCfg = Release|Any CPU
		{53A59C22-CA3F-4D4F-94A0-4278D2E7D3E3}.Release|Any CPU.Build.0 = Release|Any CPU
	EndGlobalSection
EndGlobal
